
Microsoft Visual Studio Solution File, Format Version 12.00
# Visual Studio 15
VisualStudioVersion = 15.0.28307.852
MinimumVisualStudioVersion = 10.0.40219.1
Project("{FAE04EC0-301F-11D3-BF4B-00C04F79EFBC}") = "WebApplication1", "WebApplication1\WebApplication1.csproj", "{2C097C49-D5A2-4F9B-8D30-B38897E03047}"
EndProject
Global
	GlobalSection(SolutionConfigurationPlatforms) = preSolution
		Debug|Any CPU = Debug|Any CPU
		Release|Any CPU = Release|Any CPU
	EndGlobalSection
	GlobalSection(ProjectConfigurationPlatforms) = postSolution
		{2C097C49-D5A2-4F9B-8D30-B38897E03047}.Debug|Any CPU.ActiveCfg = Debug|Any CPU
		{2C097C49-D5A2-4F9B-8D30-B38897E03047}.Debug|Any CPU.Build.0 = Debug|Any CPU
		{2C097C49-D5A2-4F9B-8D30-B38897E03047}.Release|Any CPU.ActiveCfg = Release|Any CPU
		{2C097C49-D5A2-4F9B-8D30-B38897E03047}.Release|Any CPU.Build.0 = Release|Any CPU
	EndGlobalSection
	GlobalSection(SolutionProperties) = preSolution
		HideSolutionNode = FALSE
	EndGlobalSection
	GlobalSection(ExtensibilityGlobals) = postSolution
		SolutionGuid = {9592D321-2002-4609-996B-8A00CC919EFB}
	EndGlobalSection
EndGlobal
