
Microsoft Visual Studio Solution File, Format Version 12.00
# Visual Studio 15
VisualStudioVersion = 15.0.28307.852
MinimumVisualStudioVersion = 10.0.40219.1
Project("{FAE04EC0-301F-11D3-BF4B-00C04F79EFBC}") = "BlankettService", "BlankettService\BlankettService.csproj", "{D3F0360B-FFE9-4B51-B123-ABC6B2A27C6D}"
EndProject
Global
	GlobalSection(SolutionConfigurationPlatforms) = preSolution
		Debug|Any CPU = Debug|Any CPU
		Release|Any CPU = Release|Any CPU
	EndGlobalSection
	GlobalSection(ProjectConfigurationPlatforms) = postSolution
		{D3F0360B-FFE9-4B51-B123-ABC6B2A27C6D}.Debug|Any CPU.ActiveCfg = Debug|Any CPU
		{D3F0360B-FFE9-4B51-B123-ABC6B2A27C6D}.Debug|Any CPU.Build.0 = Debug|Any CPU
		{D3F0360B-FFE9-4B51-B123-ABC6B2A27C6D}.Release|Any CPU.ActiveCfg = Release|Any CPU
		{D3F0360B-FFE9-4B51-B123-ABC6B2A27C6D}.Release|Any CPU.Build.0 = Release|Any CPU
	EndGlobalSection
	GlobalSection(SolutionProperties) = preSolution
		HideSolutionNode = FALSE
	EndGlobalSection
	GlobalSection(ExtensibilityGlobals) = postSolution
		SolutionGuid = {731CAD31-C36C-417B-904F-590B05CF4197}
	EndGlobalSection
EndGlobal
